
Microsoft Visual Studio Solution File, Format Version 12.00
# Visual Studio Version 17
VisualStudioVersion = 17.1.32414.318
MinimumVisualStudioVersion = 10.0.40219.1
Project("{8BC9CEB8-8B4A-11D0-8D11-00A0C91BC942}") = "2582. Pass the Pillow", "2582. Pass the Pillow.vcxproj", "{9C59F373-1448-4A4F-A6EB-09F9FD9EB922}"
EndProject
Global
	GlobalSection(SolutionConfigurationPlatforms) = preSolution
		Debug|x64 = Debug|x64
		Debug|x86 = Debug|x86
		Release|x64 = Release|x64
		Release|x86 = Release|x86
	EndGlobalSection
	GlobalSection(ProjectConfigurationPlatforms) = postSolution
		{9C59F373-1448-4A4F-A6EB-09F9FD9EB922}.Debug|x64.ActiveCfg = Debug|x64
		{9C59F373-1448-4A4F-A6EB-09F9FD9EB922}.Debug|x64.Build.0 = Debug|x64
		{9C59F373-1448-4A4F-A6EB-09F9FD9EB922}.Debug|x86.ActiveCfg = Debug|Win32
		{9C59F373-1448-4A4F-A6EB-09F9FD9EB922}.Debug|x86.Build.0 = Debug|Win32
		{9C59F373-1448-4A4F-A6EB-09F9FD9EB922}.Release|x64.ActiveCfg = Release|x64
		{9C59F373-1448-4A4F-A6EB-09F9FD9EB922}.Release|x64.Build.0 = Release|x64
		{9C59F373-1448-4A4F-A6EB-09F9FD9EB922}.Release|x86.ActiveCfg = Release|Win32
		{9C59F373-1448-4A4F-A6EB-09F9FD9EB922}.Release|x86.Build.0 = Release|Win32
	EndGlobalSection
	GlobalSection(SolutionProperties) = preSolution
		HideSolutionNode = FALSE
	EndGlobalSection
	GlobalSection(ExtensibilityGlobals) = postSolution
		SolutionGuid = {5B1BBF13-624F-46F6-BB72-075B6AF04565}
	EndGlobalSection
EndGlobal
