
Microsoft Visual Studio Solution File, Format Version 12.00
# Visual Studio Version 17
VisualStudioVersion = 17.1.32414.318
MinimumVisualStudioVersion = 10.0.40219.1
Project("{8BC9CEB8-8B4A-11D0-8D11-00A0C91BC942}") = "2181. Merge Nodes in Between Zeros", "2181. Merge Nodes in Between Zeros.vcxproj", "{17A758DC-B83E-412E-B0CA-C8419DCEB991}"
EndProject
Global
	GlobalSection(SolutionConfigurationPlatforms) = preSolution
		Debug|x64 = Debug|x64
		Debug|x86 = Debug|x86
		Release|x64 = Release|x64
		Release|x86 = Release|x86
	EndGlobalSection
	GlobalSection(ProjectConfigurationPlatforms) = postSolution
		{17A758DC-B83E-412E-B0CA-C8419DCEB991}.Debug|x64.ActiveCfg = Debug|x64
		{17A758DC-B83E-412E-B0CA-C8419DCEB991}.Debug|x64.Build.0 = Debug|x64
		{17A758DC-B83E-412E-B0CA-C8419DCEB991}.Debug|x86.ActiveCfg = Debug|Win32
		{17A758DC-B83E-412E-B0CA-C8419DCEB991}.Debug|x86.Build.0 = Debug|Win32
		{17A758DC-B83E-412E-B0CA-C8419DCEB991}.Release|x64.ActiveCfg = Release|x64
		{17A758DC-B83E-412E-B0CA-C8419DCEB991}.Release|x64.Build.0 = Release|x64
		{17A758DC-B83E-412E-B0CA-C8419DCEB991}.Release|x86.ActiveCfg = Release|Win32
		{17A758DC-B83E-412E-B0CA-C8419DCEB991}.Release|x86.Build.0 = Release|Win32
	EndGlobalSection
	GlobalSection(SolutionProperties) = preSolution
		HideSolutionNode = FALSE
	EndGlobalSection
	GlobalSection(ExtensibilityGlobals) = postSolution
		SolutionGuid = {7B878DB9-92F5-49BC-A31F-1AFF8A6DB496}
	EndGlobalSection
EndGlobal
